// !$*UTF8*$!
{
	archiveVersion = 1;
	classes = {
	};
	objectVersion = 56;
	objects = {

/* Begin PBXBuildFile section */
		AD0AF2FD2AEE65EF007A8CCA /* User.swift in Sources */ = {isa = PBXBuildFile; fileRef = AD0AF2FC2AEE65EF007A8CCA /* User.swift */; };
		AD0AF2FF2AEE6956007A8CCA /* ProfileFeature.swift in Sources */ = {isa = PBXBuildFile; fileRef = AD0AF2FE2AEE6956007A8CCA /* ProfileFeature.swift */; };
		AD0AF3012AEE6AF9007A8CCA /* ProfileView.swift in Sources */ = {isa = PBXBuildFile; fileRef = AD0AF3002AEE6AF9007A8CCA /* ProfileView.swift */; };
		AD1118C52AEA5F6B006B70AF /* AppFeature.swift in Sources */ = {isa = PBXBuildFile; fileRef = AD1118C42AEA5F6B006B70AF /* AppFeature.swift */; };
		AD1118C72AEA6018006B70AF /* FavouriteFeature.swift in Sources */ = {isa = PBXBuildFile; fileRef = AD1118C62AEA6018006B70AF /* FavouriteFeature.swift */; };
		AD1118CA2AEA61DA006B70AF /* FavouritesView.swift in Sources */ = {isa = PBXBuildFile; fileRef = AD1118C92AEA61DA006B70AF /* FavouritesView.swift */; };
		AD64033F2AEF71170047FDCD /* PathReducer.swift in Sources */ = {isa = PBXBuildFile; fileRef = AD64033E2AEF71170047FDCD /* PathReducer.swift */; };
		AD6403422AEFA6060047FDCD /* ApiClient.swift in Sources */ = {isa = PBXBuildFile; fileRef = AD6403412AEFA6060047FDCD /* ApiClient.swift */; };
		AD968EB42AE8D67F001C875B /* PresidioCompositeArchitectureApp.swift in Sources */ = {isa = PBXBuildFile; fileRef = AD968EB32AE8D67F001C875B /* PresidioCompositeArchitectureApp.swift */; };
		AD968EB62AE8D67F001C875B /* ContentView.swift in Sources */ = {isa = PBXBuildFile; fileRef = AD968EB52AE8D67F001C875B /* ContentView.swift */; };
		AD968EB82AE8D680001C875B /* Assets.xcassets in Resources */ = {isa = PBXBuildFile; fileRef = AD968EB72AE8D680001C875B /* Assets.xcassets */; };
		AD968EBB2AE8D680001C875B /* Preview Assets.xcassets in Resources */ = {isa = PBXBuildFile; fileRef = AD968EBA2AE8D680001C875B /* Preview Assets.xcassets */; };
		AD968EC52AE8D680001C875B /* PresidioCompositeArchitectureTests.swift in Sources */ = {isa = PBXBuildFile; fileRef = AD968EC42AE8D680001C875B /* PresidioCompositeArchitectureTests.swift */; };
		AD968ECF2AE8D680001C875B /* PresidioCompositeArchitectureUITests.swift in Sources */ = {isa = PBXBuildFile; fileRef = AD968ECE2AE8D680001C875B /* PresidioCompositeArchitectureUITests.swift */; };
		AD968ED12AE8D680001C875B /* PresidioCompositeArchitectureUITestsLaunchTests.swift in Sources */ = {isa = PBXBuildFile; fileRef = AD968ED02AE8D680001C875B /* PresidioCompositeArchitectureUITestsLaunchTests.swift */; };
		AD968EDF2AE8D72D001C875B /* ComposableArchitecture in Frameworks */ = {isa = PBXBuildFile; productRef = AD968EDE2AE8D72D001C875B /* ComposableArchitecture */; };
		AD968EE22AE8D8EB001C875B /* CounterFeature.swift in Sources */ = {isa = PBXBuildFile; fileRef = AD968EE12AE8D8EB001C875B /* CounterFeature.swift */; };
		AD968EE42AE8ECB7001C875B /* ProductsFeature.swift in Sources */ = {isa = PBXBuildFile; fileRef = AD968EE32AE8ECB7001C875B /* ProductsFeature.swift */; };
		AD968EE72AE8ED01001C875B /* Product.swift in Sources */ = {isa = PBXBuildFile; fileRef = AD968EE62AE8ED01001C875B /* Product.swift */; };
		AD968EE92AE8EE79001C875B /* ProductsView.swift in Sources */ = {isa = PBXBuildFile; fileRef = AD968EE82AE8EE79001C875B /* ProductsView.swift */; };
		AD968EEB2AE907E2001C875B /* AppView.swift in Sources */ = {isa = PBXBuildFile; fileRef = AD968EEA2AE907E2001C875B /* AppView.swift */; };
		AD968EED2AE909FA001C875B /* LetsGoDutchView.swift in Sources */ = {isa = PBXBuildFile; fileRef = AD968EEC2AE909FA001C875B /* LetsGoDutchView.swift */; };
		AD968EEF2AE90C5C001C875B /* ProductView.swift in Sources */ = {isa = PBXBuildFile; fileRef = AD968EEE2AE90C5C001C875B /* ProductView.swift */; };
		AD968EF12AE90C69001C875B /* ProductFeature.swift in Sources */ = {isa = PBXBuildFile; fileRef = AD968EF02AE90C69001C875B /* ProductFeature.swift */; };
		ADFE5DDC2AEDB0090064FDA5 /* CategoryFeature.swift in Sources */ = {isa = PBXBuildFile; fileRef = ADFE5DDB2AEDB0090064FDA5 /* CategoryFeature.swift */; };
		ADFE5DDE2AEDB13F0064FDA5 /* CategoriesView.swift in Sources */ = {isa = PBXBuildFile; fileRef = ADFE5DDD2AEDB13F0064FDA5 /* CategoriesView.swift */; };
		ADFE5DE02AEDB6CA0064FDA5 /* HomeFeature.swift in Sources */ = {isa = PBXBuildFile; fileRef = ADFE5DDF2AEDB6CA0064FDA5 /* HomeFeature.swift */; };
		ADFE5DE22AEDB7A90064FDA5 /* HomeView.swift in Sources */ = {isa = PBXBuildFile; fileRef = ADFE5DE12AEDB7A90064FDA5 /* HomeView.swift */; };
/* End PBXBuildFile section */

/* Begin PBXContainerItemProxy section */
		AD968EC12AE8D680001C875B /* PBXContainerItemProxy */ = {
			isa = PBXContainerItemProxy;
			containerPortal = AD968EA82AE8D67F001C875B /* Project object */;
			proxyType = 1;
			remoteGlobalIDString = AD968EAF2AE8D67F001C875B;
			remoteInfo = PresidioCompositeArchitecture;
		};
		AD968ECB2AE8D680001C875B /* PBXContainerItemProxy */ = {
			isa = PBXContainerItemProxy;
			containerPortal = AD968EA82AE8D67F001C875B /* Project object */;
			proxyType = 1;
			remoteGlobalIDString = AD968EAF2AE8D67F001C875B;
			remoteInfo = PresidioCompositeArchitecture;
		};
/* End PBXContainerItemProxy section */

/* Begin PBXFileReference section */
		AD0AF2FC2AEE65EF007A8CCA /* User.swift */ = {isa = PBXFileReference; lastKnownFileType = sourcecode.swift; path = User.swift; sourceTree = "<group>"; };
		AD0AF2FE2AEE6956007A8CCA /* ProfileFeature.swift */ = {isa = PBXFileReference; lastKnownFileType = sourcecode.swift; path = ProfileFeature.swift; sourceTree = "<group>"; };
		AD0AF3002AEE6AF9007A8CCA /* ProfileView.swift */ = {isa = PBXFileReference; lastKnownFileType = sourcecode.swift; path = ProfileView.swift; sourceTree = "<group>"; };
		AD1118C42AEA5F6B006B70AF /* AppFeature.swift */ = {isa = PBXFileReference; lastKnownFileType = sourcecode.swift; path = AppFeature.swift; sourceTree = "<group>"; };
		AD1118C62AEA6018006B70AF /* FavouriteFeature.swift */ = {isa = PBXFileReference; lastKnownFileType = sourcecode.swift; path = FavouriteFeature.swift; sourceTree = "<group>"; };
		AD1118C92AEA61DA006B70AF /* FavouritesView.swift */ = {isa = PBXFileReference; lastKnownFileType = sourcecode.swift; path = FavouritesView.swift; sourceTree = "<group>"; };
		AD64033E2AEF71170047FDCD /* PathReducer.swift */ = {isa = PBXFileReference; lastKnownFileType = sourcecode.swift; path = PathReducer.swift; sourceTree = "<group>"; };
		AD6403412AEFA6060047FDCD /* ApiClient.swift */ = {isa = PBXFileReference; lastKnownFileType = sourcecode.swift; path = ApiClient.swift; sourceTree = "<group>"; };
		AD968EB02AE8D67F001C875B /* PresidioCompositeArchitecture.app */ = {isa = PBXFileReference; explicitFileType = wrapper.application; includeInIndex = 0; path = PresidioCompositeArchitecture.app; sourceTree = BUILT_PRODUCTS_DIR; };
		AD968EB32AE8D67F001C875B /* PresidioCompositeArchitectureApp.swift */ = {isa = PBXFileReference; lastKnownFileType = sourcecode.swift; path = PresidioCompositeArchitectureApp.swift; sourceTree = "<group>"; };
		AD968EB52AE8D67F001C875B /* ContentView.swift */ = {isa = PBXFileReference; lastKnownFileType = sourcecode.swift; path = ContentView.swift; sourceTree = "<group>"; };
		AD968EB72AE8D680001C875B /* Assets.xcassets */ = {isa = PBXFileReference; lastKnownFileType = folder.assetcatalog; path = Assets.xcassets; sourceTree = "<group>"; };
		AD968EBA2AE8D680001C875B /* Preview Assets.xcassets */ = {isa = PBXFileReference; lastKnownFileType = folder.assetcatalog; path = "Preview Assets.xcassets"; sourceTree = "<group>"; };
		AD968EC02AE8D680001C875B /* PresidioCompositeArchitectureTests.xctest */ = {isa = PBXFileReference; explicitFileType = wrapper.cfbundle; includeInIndex = 0; path = PresidioCompositeArchitectureTests.xctest; sourceTree = BUILT_PRODUCTS_DIR; };
		AD968EC42AE8D680001C875B /* PresidioCompositeArchitectureTests.swift */ = {isa = PBXFileReference; lastKnownFileType = sourcecode.swift; path = PresidioCompositeArchitectureTests.swift; sourceTree = "<group>"; };
		AD968ECA2AE8D680001C875B /* PresidioCompositeArchitectureUITests.xctest */ = {isa = PBXFileReference; explicitFileType = wrapper.cfbundle; includeInIndex = 0; path = PresidioCompositeArchitectureUITests.xctest; sourceTree = BUILT_PRODUCTS_DIR; };
		AD968ECE2AE8D680001C875B /* PresidioCompositeArchitectureUITests.swift */ = {isa = PBXFileReference; lastKnownFileType = sourcecode.swift; path = PresidioCompositeArchitectureUITests.swift; sourceTree = "<group>"; };
		AD968ED02AE8D680001C875B /* PresidioCompositeArchitectureUITestsLaunchTests.swift */ = {isa = PBXFileReference; lastKnownFileType = sourcecode.swift; path = PresidioCompositeArchitectureUITestsLaunchTests.swift; sourceTree = "<group>"; };
		AD968EE12AE8D8EB001C875B /* CounterFeature.swift */ = {isa = PBXFileReference; lastKnownFileType = sourcecode.swift; path = CounterFeature.swift; sourceTree = "<group>"; };
		AD968EE32AE8ECB7001C875B /* ProductsFeature.swift */ = {isa = PBXFileReference; lastKnownFileType = sourcecode.swift; path = ProductsFeature.swift; sourceTree = "<group>"; };
		AD968EE62AE8ED01001C875B /* Product.swift */ = {isa = PBXFileReference; lastKnownFileType = sourcecode.swift; path = Product.swift; sourceTree = "<group>"; };
		AD968EE82AE8EE79001C875B /* ProductsView.swift */ = {isa = PBXFileReference; lastKnownFileType = sourcecode.swift; path = ProductsView.swift; sourceTree = "<group>"; };
		AD968EEA2AE907E2001C875B /* AppView.swift */ = {isa = PBXFileReference; lastKnownFileType = sourcecode.swift; path = AppView.swift; sourceTree = "<group>"; };
		AD968EEC2AE909FA001C875B /* LetsGoDutchView.swift */ = {isa = PBXFileReference; lastKnownFileType = sourcecode.swift; path = LetsGoDutchView.swift; sourceTree = "<group>"; };
		AD968EEE2AE90C5C001C875B /* ProductView.swift */ = {isa = PBXFileReference; lastKnownFileType = sourcecode.swift; path = ProductView.swift; sourceTree = "<group>"; };
		AD968EF02AE90C69001C875B /* ProductFeature.swift */ = {isa = PBXFileReference; lastKnownFileType = sourcecode.swift; path = ProductFeature.swift; sourceTree = "<group>"; };
		ADFE5DDB2AEDB0090064FDA5 /* CategoryFeature.swift */ = {isa = PBXFileReference; lastKnownFileType = sourcecode.swift; path = CategoryFeature.swift; sourceTree = "<group>"; };
		ADFE5DDD2AEDB13F0064FDA5 /* CategoriesView.swift */ = {isa = PBXFileReference; lastKnownFileType = sourcecode.swift; path = CategoriesView.swift; sourceTree = "<group>"; };
		ADFE5DDF2AEDB6CA0064FDA5 /* HomeFeature.swift */ = {isa = PBXFileReference; lastKnownFileType = sourcecode.swift; path = HomeFeature.swift; sourceTree = "<group>"; };
		ADFE5DE12AEDB7A90064FDA5 /* HomeView.swift */ = {isa = PBXFileReference; lastKnownFileType = sourcecode.swift; path = HomeView.swift; sourceTree = "<group>"; };
/* End PBXFileReference section */

/* Begin PBXFrameworksBuildPhase section */
		AD968EAD2AE8D67F001C875B /* Frameworks */ = {
			isa = PBXFrameworksBuildPhase;
			buildActionMask = 2147483647;
			files = (
				AD968EDF2AE8D72D001C875B /* ComposableArchitecture in Frameworks */,
			);
			runOnlyForDeploymentPostprocessing = 0;
		};
		AD968EBD2AE8D680001C875B /* Frameworks */ = {
			isa = PBXFrameworksBuildPhase;
			buildActionMask = 2147483647;
			files = (
			);
			runOnlyForDeploymentPostprocessing = 0;
		};
		AD968EC72AE8D680001C875B /* Frameworks */ = {
			isa = PBXFrameworksBuildPhase;
			buildActionMask = 2147483647;
			files = (
			);
			runOnlyForDeploymentPostprocessing = 0;
		};
/* End PBXFrameworksBuildPhase section */

/* Begin PBXGroup section */
		AD1118C82AEA61AA006B70AF /* Views */ = {
			isa = PBXGroup;
			children = (
				AD968EEC2AE909FA001C875B /* LetsGoDutchView.swift */,
				AD968EEE2AE90C5C001C875B /* ProductView.swift */,
				AD968EE82AE8EE79001C875B /* ProductsView.swift */,
				AD968EEA2AE907E2001C875B /* AppView.swift */,
				AD968EB52AE8D67F001C875B /* ContentView.swift */,
				AD1118C92AEA61DA006B70AF /* FavouritesView.swift */,
				ADFE5DDD2AEDB13F0064FDA5 /* CategoriesView.swift */,
				ADFE5DE12AEDB7A90064FDA5 /* HomeView.swift */,
				AD0AF3002AEE6AF9007A8CCA /* ProfileView.swift */,
			);
			path = Views;
			sourceTree = "<group>";
		};
		AD6403402AEFA5EA0047FDCD /* Dependencies */ = {
			isa = PBXGroup;
			children = (
				AD6403412AEFA6060047FDCD /* ApiClient.swift */,
			);
			path = Dependencies;
			sourceTree = "<group>";
		};
		AD968EA72AE8D67F001C875B = {
			isa = PBXGroup;
			children = (
				AD968EB22AE8D67F001C875B /* PresidioCompositeArchitecture */,
				AD968EC32AE8D680001C875B /* PresidioCompositeArchitectureTests */,
				AD968ECD2AE8D680001C875B /* PresidioCompositeArchitectureUITests */,
				AD968EB12AE8D67F001C875B /* Products */,
			);
			sourceTree = "<group>";
		};
		AD968EB12AE8D67F001C875B /* Products */ = {
			isa = PBXGroup;
			children = (
				AD968EB02AE8D67F001C875B /* PresidioCompositeArchitecture.app */,
				AD968EC02AE8D680001C875B /* PresidioCompositeArchitectureTests.xctest */,
				AD968ECA2AE8D680001C875B /* PresidioCompositeArchitectureUITests.xctest */,
			);
			name = Products;
			sourceTree = "<group>";
		};
		AD968EB22AE8D67F001C875B /* PresidioCompositeArchitecture */ = {
			isa = PBXGroup;
			children = (
				AD6403402AEFA5EA0047FDCD /* Dependencies */,
				AD1118C82AEA61AA006B70AF /* Views */,
				AD968EE52AE8ECF5001C875B /* Models */,
				AD968EE02AE8D8D3001C875B /* Reducers */,
				AD968EB32AE8D67F001C875B /* PresidioCompositeArchitectureApp.swift */,
				AD968EB72AE8D680001C875B /* Assets.xcassets */,
				AD968EB92AE8D680001C875B /* Preview Content */,
			);
			path = PresidioCompositeArchitecture;
			sourceTree = "<group>";
		};
		AD968EB92AE8D680001C875B /* Preview Content */ = {
			isa = PBXGroup;
			children = (
				AD968EBA2AE8D680001C875B /* Preview Assets.xcassets */,
			);
			path = "Preview Content";
			sourceTree = "<group>";
		};
		AD968EC32AE8D680001C875B /* PresidioCompositeArchitectureTests */ = {
			isa = PBXGroup;
			children = (
				AD968EC42AE8D680001C875B /* PresidioCompositeArchitectureTests.swift */,
			);
			path = PresidioCompositeArchitectureTests;
			sourceTree = "<group>";
		};
		AD968ECD2AE8D680001C875B /* PresidioCompositeArchitectureUITests */ = {
			isa = PBXGroup;
			children = (
				AD968ECE2AE8D680001C875B /* PresidioCompositeArchitectureUITests.swift */,
				AD968ED02AE8D680001C875B /* PresidioCompositeArchitectureUITestsLaunchTests.swift */,
			);
			path = PresidioCompositeArchitectureUITests;
			sourceTree = "<group>";
		};
		AD968EE02AE8D8D3001C875B /* Reducers */ = {
			isa = PBXGroup;
			children = (
				AD968EE12AE8D8EB001C875B /* CounterFeature.swift */,
				AD968EE32AE8ECB7001C875B /* ProductsFeature.swift */,
				AD968EF02AE90C69001C875B /* ProductFeature.swift */,
				AD1118C42AEA5F6B006B70AF /* AppFeature.swift */,
				AD1118C62AEA6018006B70AF /* FavouriteFeature.swift */,
				ADFE5DDB2AEDB0090064FDA5 /* CategoryFeature.swift */,
				ADFE5DDF2AEDB6CA0064FDA5 /* HomeFeature.swift */,
				AD0AF2FE2AEE6956007A8CCA /* ProfileFeature.swift */,
				AD64033E2AEF71170047FDCD /* PathReducer.swift */,
			);
			path = Reducers;
			sourceTree = "<group>";
		};
		AD968EE52AE8ECF5001C875B /* Models */ = {
			isa = PBXGroup;
			children = (
				AD968EE62AE8ED01001C875B /* Product.swift */,
				AD0AF2FC2AEE65EF007A8CCA /* User.swift */,
			);
			path = Models;
			sourceTree = "<group>";
		};
/* End PBXGroup section */

/* Begin PBXNativeTarget section */
		AD968EAF2AE8D67F001C875B /* PresidioCompositeArchitecture */ = {
			isa = PBXNativeTarget;
			buildConfigurationList = AD968ED42AE8D680001C875B /* Build configuration list for PBXNativeTarget "PresidioCompositeArchitecture" */;
			buildPhases = (
				AD968EAC2AE8D67F001C875B /* Sources */,
				AD968EAD2AE8D67F001C875B /* Frameworks */,
				AD968EAE2AE8D67F001C875B /* Resources */,
			);
			buildRules = (
			);
			dependencies = (
			);
			name = PresidioCompositeArchitecture;
			packageProductDependencies = (
				AD968EDE2AE8D72D001C875B /* ComposableArchitecture */,
			);
			productName = PresidioCompositeArchitecture;
			productReference = AD968EB02AE8D67F001C875B /* PresidioCompositeArchitecture.app */;
			productType = "com.apple.product-type.application";
		};
		AD968EBF2AE8D680001C875B /* PresidioCompositeArchitectureTests */ = {
			isa = PBXNativeTarget;
			buildConfigurationList = AD968ED72AE8D680001C875B /* Build configuration list for PBXNativeTarget "PresidioCompositeArchitectureTests" */;
			buildPhases = (
				AD968EBC2AE8D680001C875B /* Sources */,
				AD968EBD2AE8D680001C875B /* Frameworks */,
				AD968EBE2AE8D680001C875B /* Resources */,
			);
			buildRules = (
			);
			dependencies = (
				AD968EC22AE8D680001C875B /* PBXTargetDependency */,
			);
			name = PresidioCompositeArchitectureTests;
			productName = PresidioCompositeArchitectureTests;
			productReference = AD968EC02AE8D680001C875B /* PresidioCompositeArchitectureTests.xctest */;
			productType = "com.apple.product-type.bundle.unit-test";
		};
		AD968EC92AE8D680001C875B /* PresidioCompositeArchitectureUITests */ = {
			isa = PBXNativeTarget;
			buildConfigurationList = AD968EDA2AE8D680001C875B /* Build configuration list for PBXNativeTarget "PresidioCompositeArchitectureUITests" */;
			buildPhases = (
				AD968EC62AE8D680001C875B /* Sources */,
				AD968EC72AE8D680001C875B /* Frameworks */,
				AD968EC82AE8D680001C875B /* Resources */,
			);
			buildRules = (
			);
			dependencies = (
				AD968ECC2AE8D680001C875B /* PBXTargetDependency */,
			);
			name = PresidioCompositeArchitectureUITests;
			productName = PresidioCompositeArchitectureUITests;
			productReference = AD968ECA2AE8D680001C875B /* PresidioCompositeArchitectureUITests.xctest */;
			productType = "com.apple.product-type.bundle.ui-testing";
		};
/* End PBXNativeTarget section */

/* Begin PBXProject section */
		AD968EA82AE8D67F001C875B /* Project object */ = {
			isa = PBXProject;
			attributes = {
				BuildIndependentTargetsInParallel = 1;
				LastSwiftUpdateCheck = 1500;
				LastUpgradeCheck = 1500;
				TargetAttributes = {
					AD968EAF2AE8D67F001C875B = {
						CreatedOnToolsVersion = 15.0.1;
					};
					AD968EBF2AE8D680001C875B = {
						CreatedOnToolsVersion = 15.0.1;
						TestTargetID = AD968EAF2AE8D67F001C875B;
					};
					AD968EC92AE8D680001C875B = {
						CreatedOnToolsVersion = 15.0.1;
						TestTargetID = AD968EAF2AE8D67F001C875B;
					};
				};
			};
			buildConfigurationList = AD968EAB2AE8D67F001C875B /* Build configuration list for PBXProject "PresidioCompositeArchitecture" */;
			compatibilityVersion = "Xcode 14.0";
			developmentRegion = en;
			hasScannedForEncodings = 0;
			knownRegions = (
				en,
				Base,
			);
			mainGroup = AD968EA72AE8D67F001C875B;
			packageReferences = (
				AD968EDD2AE8D72D001C875B /* XCRemoteSwiftPackageReference "swift-composable-architecture" */,
			);
			productRefGroup = AD968EB12AE8D67F001C875B /* Products */;
			projectDirPath = "";
			projectRoot = "";
			targets = (
				AD968EAF2AE8D67F001C875B /* PresidioCompositeArchitecture */,
				AD968EBF2AE8D680001C875B /* PresidioCompositeArchitectureTests */,
				AD968EC92AE8D680001C875B /* PresidioCompositeArchitectureUITests */,
			);
		};
/* End PBXProject section */

/* Begin PBXResourcesBuildPhase section */
		AD968EAE2AE8D67F001C875B /* Resources */ = {
			isa = PBXResourcesBuildPhase;
			buildActionMask = 2147483647;
			files = (
				AD968EBB2AE8D680001C875B /* Preview Assets.xcassets in Resources */,
				AD968EB82AE8D680001C875B /* Assets.xcassets in Resources */,
			);
			runOnlyForDeploymentPostprocessing = 0;
		};
		AD968EBE2AE8D680001C875B /* Resources */ = {
			isa = PBXResourcesBuildPhase;
			buildActionMask = 2147483647;
			files = (
			);
			runOnlyForDeploymentPostprocessing = 0;
		};
		AD968EC82AE8D680001C875B /* Resources */ = {
			isa = PBXResourcesBuildPhase;
			buildActionMask = 2147483647;
			files = (
			);
			runOnlyForDeploymentPostprocessing = 0;
		};
/* End PBXResourcesBuildPhase section */

/* Begin PBXSourcesBuildPhase section */
		AD968EAC2AE8D67F001C875B /* Sources */ = {
			isa = PBXSourcesBuildPhase;
			buildActionMask = 2147483647;
			files = (
				AD968EF12AE90C69001C875B /* ProductFeature.swift in Sources */,
				ADFE5DE02AEDB6CA0064FDA5 /* HomeFeature.swift in Sources */,
				AD968EE42AE8ECB7001C875B /* ProductsFeature.swift in Sources */,
				AD1118CA2AEA61DA006B70AF /* FavouritesView.swift in Sources */,
				ADFE5DDE2AEDB13F0064FDA5 /* CategoriesView.swift in Sources */,
				ADFE5DE22AEDB7A90064FDA5 /* HomeView.swift in Sources */,
				AD0AF2FF2AEE6956007A8CCA /* ProfileFeature.swift in Sources */,
				AD1118C52AEA5F6B006B70AF /* AppFeature.swift in Sources */,
				AD968EEF2AE90C5C001C875B /* ProductView.swift in Sources */,
				AD968EED2AE909FA001C875B /* LetsGoDutchView.swift in Sources */,
				ADFE5DDC2AEDB0090064FDA5 /* CategoryFeature.swift in Sources */,
				AD6403422AEFA6060047FDCD /* ApiClient.swift in Sources */,
				AD1118C72AEA6018006B70AF /* FavouriteFeature.swift in Sources */,
				AD0AF3012AEE6AF9007A8CCA /* ProfileView.swift in Sources */,
				AD968EE22AE8D8EB001C875B /* CounterFeature.swift in Sources */,
				AD968EE92AE8EE79001C875B /* ProductsView.swift in Sources */,
				AD968EE72AE8ED01001C875B /* Product.swift in Sources */,
				AD0AF2FD2AEE65EF007A8CCA /* User.swift in Sources */,
				AD968EEB2AE907E2001C875B /* AppView.swift in Sources */,
				AD968EB62AE8D67F001C875B /* ContentView.swift in Sources */,
				AD968EB42AE8D67F001C875B /* PresidioCompositeArchitectureApp.swift in Sources */,
				AD64033F2AEF71170047FDCD /* PathReducer.swift in Sources */,
			);
			runOnlyForDeploymentPostprocessing = 0;
		};
		AD968EBC2AE8D680001C875B /* Sources */ = {
			isa = PBXSourcesBuildPhase;
			buildActionMask = 2147483647;
			files = (
				AD968EC52AE8D680001C875B /* PresidioCompositeArchitectureTests.swift in Sources */,
			);
			runOnlyForDeploymentPostprocessing = 0;
		};
		AD968EC62AE8D680001C875B /* Sources */ = {
			isa = PBXSourcesBuildPhase;
			buildActionMask = 2147483647;
			files = (
				AD968ED12AE8D680001C875B /* PresidioCompositeArchitectureUITestsLaunchTests.swift in Sources */,
				AD968ECF2AE8D680001C875B /* PresidioCompositeArchitectureUITests.swift in Sources */,
			);
			runOnlyForDeploymentPostprocessing = 0;
		};
/* End PBXSourcesBuildPhase section */

/* Begin PBXTargetDependency section */
		AD968EC22AE8D680001C875B /* PBXTargetDependency */ = {
			isa = PBXTargetDependency;
			target = AD968EAF2AE8D67F001C875B /* PresidioCompositeArchitecture */;
			targetProxy = AD968EC12AE8D680001C875B /* PBXContainerItemProxy */;
		};
		AD968ECC2AE8D680001C875B /* PBXTargetDependency */ = {
			isa = PBXTargetDependency;
			target = AD968EAF2AE8D67F001C875B /* PresidioCompositeArchitecture */;
			targetProxy = AD968ECB2AE8D680001C875B /* PBXContainerItemProxy */;
		};
/* End PBXTargetDependency section */

/* Begin XCBuildConfiguration section */
		AD968ED22AE8D680001C875B /* Debug */ = {
			isa = XCBuildConfiguration;
			buildSettings = {
				ALWAYS_SEARCH_USER_PATHS = NO;
				ASSETCATALOG_COMPILER_GENERATE_SWIFT_ASSET_SYMBOL_EXTENSIONS = YES;
				CLANG_ANALYZER_NONNULL = YES;
				CLANG_ANALYZER_NUMBER_OBJECT_CONVERSION = YES_AGGRESSIVE;
				CLANG_CXX_LANGUAGE_STANDARD = "gnu++20";
				CLANG_ENABLE_MODULES = YES;
				CLANG_ENABLE_OBJC_ARC = YES;
				CLANG_ENABLE_OBJC_WEAK = YES;
				CLANG_WARN_BLOCK_CAPTURE_AUTORELEASING = YES;
				CLANG_WARN_BOOL_CONVERSION = YES;
				CLANG_WARN_COMMA = YES;
				CLANG_WARN_CONSTANT_CONVERSION = YES;
				CLANG_WARN_DEPRECATED_OBJC_IMPLEMENTATIONS = YES;
				CLANG_WARN_DIRECT_OBJC_ISA_USAGE = YES_ERROR;
				CLANG_WARN_DOCUMENTATION_COMMENTS = YES;
				CLANG_WARN_EMPTY_BODY = YES;
				CLANG_WARN_ENUM_CONVERSION = YES;
				CLANG_WARN_INFINITE_RECURSION = YES;
				CLANG_WARN_INT_CONVERSION = YES;
				CLANG_WARN_NON_LITERAL_NULL_CONVERSION = YES;
				CLANG_WARN_OBJC_IMPLICIT_RETAIN_SELF = YES;
				CLANG_WARN_OBJC_LITERAL_CONVERSION = YES;
				CLANG_WARN_OBJC_ROOT_CLASS = YES_ERROR;
				CLANG_WARN_QUOTED_INCLUDE_IN_FRAMEWORK_HEADER = YES;
				CLANG_WARN_RANGE_LOOP_ANALYSIS = YES;
				CLANG_WARN_STRICT_PROTOTYPES = YES;
				CLANG_WARN_SUSPICIOUS_MOVE = YES;
				CLANG_WARN_UNGUARDED_AVAILABILITY = YES_AGGRESSIVE;
				CLANG_WARN_UNREACHABLE_CODE = YES;
				CLANG_WARN__DUPLICATE_METHOD_MATCH = YES;
				COPY_PHASE_STRIP = NO;
				DEBUG_INFORMATION_FORMAT = dwarf;
				ENABLE_STRICT_OBJC_MSGSEND = YES;
				ENABLE_TESTABILITY = YES;
				ENABLE_USER_SCRIPT_SANDBOXING = YES;
				GCC_C_LANGUAGE_STANDARD = gnu17;
				GCC_DYNAMIC_NO_PIC = NO;
				GCC_NO_COMMON_BLOCKS = YES;
				GCC_OPTIMIZATION_LEVEL = 0;
				GCC_PREPROCESSOR_DEFINITIONS = (
					"DEBUG=1",
					"$(inherited)",
				);
				GCC_WARN_64_TO_32_BIT_CONVERSION = YES;
				GCC_WARN_ABOUT_RETURN_TYPE = YES_ERROR;
				GCC_WARN_UNDECLARED_SELECTOR = YES;
				GCC_WARN_UNINITIALIZED_AUTOS = YES_AGGRESSIVE;
				GCC_WARN_UNUSED_FUNCTION = YES;
				GCC_WARN_UNUSED_VARIABLE = YES;
				IPHONEOS_DEPLOYMENT_TARGET = 17.0;
				LOCALIZATION_PREFERS_STRING_CATALOGS = YES;
				MTL_ENABLE_DEBUG_INFO = INCLUDE_SOURCE;
				MTL_FAST_MATH = YES;
				ONLY_ACTIVE_ARCH = YES;
				SDKROOT = iphoneos;
				SWIFT_ACTIVE_COMPILATION_CONDITIONS = "DEBUG $(inherited)";
				SWIFT_OPTIMIZATION_LEVEL = "-Onone";
			};
			name = Debug;
		};
		AD968ED32AE8D680001C875B /* Release */ = {
			isa = XCBuildConfiguration;
			buildSettings = {
				ALWAYS_SEARCH_USER_PATHS = NO;
				ASSETCATALOG_COMPILER_GENERATE_SWIFT_ASSET_SYMBOL_EXTENSIONS = YES;
				CLANG_ANALYZER_NONNULL = YES;
				CLANG_ANALYZER_NUMBER_OBJECT_CONVERSION = YES_AGGRESSIVE;
				CLANG_CXX_LANGUAGE_STANDARD = "gnu++20";
				CLANG_ENABLE_MODULES = YES;
				CLANG_ENABLE_OBJC_ARC = YES;
				CLANG_ENABLE_OBJC_WEAK = YES;
				CLANG_WARN_BLOCK_CAPTURE_AUTORELEASING = YES;
				CLANG_WARN_BOOL_CONVERSION = YES;
				CLANG_WARN_COMMA = YES;
				CLANG_WARN_CONSTANT_CONVERSION = YES;
				CLANG_WARN_DEPRECATED_OBJC_IMPLEMENTATIONS = YES;
				CLANG_WARN_DIRECT_OBJC_ISA_USAGE = YES_ERROR;
				CLANG_WARN_DOCUMENTATION_COMMENTS = YES;
				CLANG_WARN_EMPTY_BODY = YES;
				CLANG_WARN_ENUM_CONVERSION = YES;
				CLANG_WARN_INFINITE_RECURSION = YES;
				CLANG_WARN_INT_CONVERSION = YES;
				CLANG_WARN_NON_LITERAL_NULL_CONVERSION = YES;
				CLANG_WARN_OBJC_IMPLICIT_RETAIN_SELF = YES;
				CLANG_WARN_OBJC_LITERAL_CONVERSION = YES;
				CLANG_WARN_OBJC_ROOT_CLASS = YES_ERROR;
				CLANG_WARN_QUOTED_INCLUDE_IN_FRAMEWORK_HEADER = YES;
				CLANG_WARN_RANGE_LOOP_ANALYSIS = YES;
				CLANG_WARN_STRICT_PROTOTYPES = YES;
				CLANG_WARN_SUSPICIOUS_MOVE = YES;
				CLANG_WARN_UNGUARDED_AVAILABILITY = YES_AGGRESSIVE;
				CLANG_WARN_UNREACHABLE_CODE = YES;
				CLANG_WARN__DUPLICATE_METHOD_MATCH = YES;
				COPY_PHASE_STRIP = NO;
				DEBUG_INFORMATION_FORMAT = "dwarf-with-dsym";
				ENABLE_NS_ASSERTIONS = NO;
				ENABLE_STRICT_OBJC_MSGSEND = YES;
				ENABLE_USER_SCRIPT_SANDBOXING = YES;
				GCC_C_LANGUAGE_STANDARD = gnu17;
				GCC_NO_COMMON_BLOCKS = YES;
				GCC_WARN_64_TO_32_BIT_CONVERSION = YES;
				GCC_WARN_ABOUT_RETURN_TYPE = YES_ERROR;
				GCC_WARN_UNDECLARED_SELECTOR = YES;
				GCC_WARN_UNINITIALIZED_AUTOS = YES_AGGRESSIVE;
				GCC_WARN_UNUSED_FUNCTION = YES;
				GCC_WARN_UNUSED_VARIABLE = YES;
				IPHONEOS_DEPLOYMENT_TARGET = 17.0;
				LOCALIZATION_PREFERS_STRING_CATALOGS = YES;
				MTL_ENABLE_DEBUG_INFO = NO;
				MTL_FAST_MATH = YES;
				SDKROOT = iphoneos;
				SWIFT_COMPILATION_MODE = wholemodule;
				VALIDATE_PRODUCT = YES;
			};
			name = Release;
		};
		AD968ED52AE8D680001C875B /* Debug */ = {
			isa = XCBuildConfiguration;
			buildSettings = {
				ASSETCATALOG_COMPILER_APPICON_NAME = AppIcon;
				ASSETCATALOG_COMPILER_GLOBAL_ACCENT_COLOR_NAME = AccentColor;
				CODE_SIGN_STYLE = Automatic;
				CURRENT_PROJECT_VERSION = 1;
				DEVELOPMENT_ASSET_PATHS = "\"PresidioCompositeArchitecture/Preview Content\"";
				DEVELOPMENT_TEAM = 6652BQBAX5;
				ENABLE_PREVIEWS = YES;
				GENERATE_INFOPLIST_FILE = YES;
				INFOPLIST_KEY_UIApplicationSceneManifest_Generation = YES;
				INFOPLIST_KEY_UIApplicationSupportsIndirectInputEvents = YES;
				INFOPLIST_KEY_UILaunchScreen_Generation = YES;
				INFOPLIST_KEY_UISupportedInterfaceOrientations_iPad = "UIInterfaceOrientationPortrait UIInterfaceOrientationPortraitUpsideDown UIInterfaceOrientationLandscapeLeft UIInterfaceOrientationLandscapeRight";
				INFOPLIST_KEY_UISupportedInterfaceOrientations_iPhone = "UIInterfaceOrientationPortrait UIInterfaceOrientationLandscapeLeft UIInterfaceOrientationLandscapeRight";
				LD_RUNPATH_SEARCH_PATHS = (
					"$(inherited)",
					"@executable_path/Frameworks",
				);
				MARKETING_VERSION = 1.0;
				PRODUCT_BUNDLE_IDENTIFIER = com.immanuel.nowpert.PresidioCompositeArchitecture;
				PRODUCT_NAME = "$(TARGET_NAME)";
				SWIFT_EMIT_LOC_STRINGS = YES;
				SWIFT_VERSION = 5.0;
				TARGETED_DEVICE_FAMILY = "1,2";
			};
			name = Debug;
		};
		AD968ED62AE8D680001C875B /* Release */ = {
			isa = XCBuildConfiguration;
			buildSettings = {
				ASSETCATALOG_COMPILER_APPICON_NAME = AppIcon;
				ASSETCATALOG_COMPILER_GLOBAL_ACCENT_COLOR_NAME = AccentColor;
				CODE_SIGN_STYLE = Automatic;
				CURRENT_PROJECT_VERSION = 1;
				DEVELOPMENT_ASSET_PATHS = "\"PresidioCompositeArchitecture/Preview Content\"";
				DEVELOPMENT_TEAM = 6652BQBAX5;
				ENABLE_PREVIEWS = YES;
				GENERATE_INFOPLIST_FILE = YES;
				INFOPLIST_KEY_UIApplicationSceneManifest_Generation = YES;
				INFOPLIST_KEY_UIApplicationSupportsIndirectInputEvents = YES;
				INFOPLIST_KEY_UILaunchScreen_Generation = YES;
				INFOPLIST_KEY_UISupportedInterfaceOrientations_iPad = "UIInterfaceOrientationPortrait UIInterfaceOrientationPortraitUpsideDown UIInterfaceOrientationLandscapeLeft UIInterfaceOrientationLandscapeRight";
				INFOPLIST_KEY_UISupportedInterfaceOrientations_iPhone = "UIInterfaceOrientationPortrait UIInterfaceOrientationLandscapeLeft UIInterfaceOrientationLandscapeRight";
				LD_RUNPATH_SEARCH_PATHS = (
					"$(inherited)",
					"@executable_path/Frameworks",
				);
				MARKETING_VERSION = 1.0;
				PRODUCT_BUNDLE_IDENTIFIER = com.immanuel.nowpert.PresidioCompositeArchitecture;
				PRODUCT_NAME = "$(TARGET_NAME)";
				SWIFT_EMIT_LOC_STRINGS = YES;
				SWIFT_VERSION = 5.0;
				TARGETED_DEVICE_FAMILY = "1,2";
			};
			name = Release;
		};
		AD968ED82AE8D680001C875B /* Debug */ = {
			isa = XCBuildConfiguration;
			buildSettings = {
				ALWAYS_EMBED_SWIFT_STANDARD_LIBRARIES = YES;
				BUNDLE_LOADER = "$(TEST_HOST)";
				CODE_SIGN_STYLE = Automatic;
				CURRENT_PROJECT_VERSION = 1;
				DEVELOPMENT_TEAM = 6652BQBAX5;
				GENERATE_INFOPLIST_FILE = YES;
				IPHONEOS_DEPLOYMENT_TARGET = 17.0;
				MARKETING_VERSION = 1.0;
				PRODUCT_BUNDLE_IDENTIFIER = com.immanuel.nowpert.PresidioCompositeArchitectureTests;
				PRODUCT_NAME = "$(TARGET_NAME)";
				SWIFT_EMIT_LOC_STRINGS = NO;
				SWIFT_VERSION = 5.0;
				TARGETED_DEVICE_FAMILY = "1,2";
				TEST_HOST = "$(BUILT_PRODUCTS_DIR)/PresidioCompositeArchitecture.app/$(BUNDLE_EXECUTABLE_FOLDER_PATH)/PresidioCompositeArchitecture";
			};
			name = Debug;
		};
		AD968ED92AE8D680001C875B /* Release */ = {
			isa = XCBuildConfiguration;
			buildSettings = {
				ALWAYS_EMBED_SWIFT_STANDARD_LIBRARIES = YES;
				BUNDLE_LOADER = "$(TEST_HOST)";
				CODE_SIGN_STYLE = Automatic;
				CURRENT_PROJECT_VERSION = 1;
				DEVELOPMENT_TEAM = 6652BQBAX5;
				GENERATE_INFOPLIST_FILE = YES;
				IPHONEOS_DEPLOYMENT_TARGET = 17.0;
				MARKETING_VERSION = 1.0;
				PRODUCT_BUNDLE_IDENTIFIER = com.immanuel.nowpert.PresidioCompositeArchitectureTests;
				PRODUCT_NAME = "$(TARGET_NAME)";
				SWIFT_EMIT_LOC_STRINGS = NO;
				SWIFT_VERSION = 5.0;
				TARGETED_DEVICE_FAMILY = "1,2";
				TEST_HOST = "$(BUILT_PRODUCTS_DIR)/PresidioCompositeArchitecture.app/$(BUNDLE_EXECUTABLE_FOLDER_PATH)/PresidioCompositeArchitecture";
			};
			name = Release;
		};
		AD968EDB2AE8D680001C875B /* Debug */ = {
			isa = XCBuildConfiguration;
			buildSettings = {
				ALWAYS_EMBED_SWIFT_STANDARD_LIBRARIES = YES;
				CODE_SIGN_STYLE = Automatic;
				CURRENT_PROJECT_VERSION = 1;
				DEVELOPMENT_TEAM = 6652BQBAX5;
				GENERATE_INFOPLIST_FILE = YES;
				MARKETING_VERSION = 1.0;
				PRODUCT_BUNDLE_IDENTIFIER = com.immanuel.nowpert.PresidioCompositeArchitectureUITests;
				PRODUCT_NAME = "$(TARGET_NAME)";
				SWIFT_EMIT_LOC_STRINGS = NO;
				SWIFT_VERSION = 5.0;
				TARGETED_DEVICE_FAMILY = "1,2";
				TEST_TARGET_NAME = PresidioCompositeArchitecture;
			};
			name = Debug;
		};
		AD968EDC2AE8D680001C875B /* Release */ = {
			isa = XCBuildConfiguration;
			buildSettings = {
				ALWAYS_EMBED_SWIFT_STANDARD_LIBRARIES = YES;
				CODE_SIGN_STYLE = Automatic;
				CURRENT_PROJECT_VERSION = 1;
				DEVELOPMENT_TEAM = 6652BQBAX5;
				GENERATE_INFOPLIST_FILE = YES;
				MARKETING_VERSION = 1.0;
				PRODUCT_BUNDLE_IDENTIFIER = com.immanuel.nowpert.PresidioCompositeArchitectureUITests;
				PRODUCT_NAME = "$(TARGET_NAME)";
				SWIFT_EMIT_LOC_STRINGS = NO;
				SWIFT_VERSION = 5.0;
				TARGETED_DEVICE_FAMILY = "1,2";
				TEST_TARGET_NAME = PresidioCompositeArchitecture;
			};
			name = Release;
		};
/* End XCBuildConfiguration section */

/* Begin XCConfigurationList section */
		AD968EAB2AE8D67F001C875B /* Build configuration list for PBXProject "PresidioCompositeArchitecture" */ = {
			isa = XCConfigurationList;
			buildConfigurations = (
				AD968ED22AE8D680001C875B /* Debug */,
				AD968ED32AE8D680001C875B /* Release */,
			);
			defaultConfigurationIsVisible = 0;
			defaultConfigurationName = Release;
		};
		AD968ED42AE8D680001C875B /* Build configuration list for PBXNativeTarget "PresidioCompositeArchitecture" */ = {
			isa = XCConfigurationList;
			buildConfigurations = (
				AD968ED52AE8D680001C875B /* Debug */,
				AD968ED62AE8D680001C875B /* Release */,
			);
			defaultConfigurationIsVisible = 0;
			defaultConfigurationName = Release;
		};
		AD968ED72AE8D680001C875B /* Build configuration list for PBXNativeTarget "PresidioCompositeArchitectureTests" */ = {
			isa = XCConfigurationList;
			buildConfigurations = (
				AD968ED82AE8D680001C875B /* Debug */,
				AD968ED92AE8D680001C875B /* Release */,
			);
			defaultConfigurationIsVisible = 0;
			defaultConfigurationName = Release;
		};
		AD968EDA2AE8D680001C875B /* Build configuration list for PBXNativeTarget "PresidioCompositeArchitectureUITests" */ = {
			isa = XCConfigurationList;
			buildConfigurations = (
				AD968EDB2AE8D680001C875B /* Debug */,
				AD968EDC2AE8D680001C875B /* Release */,
			);
			defaultConfigurationIsVisible = 0;
			defaultConfigurationName = Release;
		};
/* End XCConfigurationList section */

/* Begin XCRemoteSwiftPackageReference section */
		AD968EDD2AE8D72D001C875B /* XCRemoteSwiftPackageReference "swift-composable-architecture" */ = {
			isa = XCRemoteSwiftPackageReference;
			repositoryURL = "https://github.com/pointfreeco/swift-composable-architecture";
			requirement = {
				kind = upToNextMajorVersion;
				minimumVersion = 1.2.0;
			};
		};
/* End XCRemoteSwiftPackageReference section */

/* Begin XCSwiftPackageProductDependency section */
		AD968EDE2AE8D72D001C875B /* ComposableArchitecture */ = {
			isa = XCSwiftPackageProductDependency;
			package = AD968EDD2AE8D72D001C875B /* XCRemoteSwiftPackageReference "swift-composable-architecture" */;
			productName = ComposableArchitecture;
		};
/* End XCSwiftPackageProductDependency section */
	};
	rootObject = AD968EA82AE8D67F001C875B /* Project object */;
}
